
Microsoft Visual Studio Solution File, Format Version 12.00
# Visual Studio 2012
Project("{FAE04EC0-301F-11D3-BF4B-00C04F79EFBC}") = "overloading", "overloading\overloading.csproj", "{AB7CECCF-7203-43F3-95E7-41711D86DD45}"
EndProject
Global
	GlobalSection(SolutionConfigurationPlatforms) = preSolution
		Debug|x86 = Debug|x86
		Release|x86 = Release|x86
	EndGlobalSection
	GlobalSection(ProjectConfigurationPlatforms) = postSolution
		{AB7CECCF-7203-43F3-95E7-41711D86DD45}.Debug|x86.ActiveCfg = Debug|x86
		{AB7CECCF-7203-43F3-95E7-41711D86DD45}.Debug|x86.Build.0 = Debug|x86
		{AB7CECCF-7203-43F3-95E7-41711D86DD45}.Release|x86.ActiveCfg = Release|x86
		{AB7CECCF-7203-43F3-95E7-41711D86DD45}.Release|x86.Build.0 = Release|x86
	EndGlobalSection
EndGlobal
